
Microsoft Visual Studio Solution File, Format Version 12.00
# Visual Studio 2013
VisualStudioVersion = 12.0.31101.0
MinimumVisualStudioVersion = 10.0.40219.1
Project("{FAE04EC0-301F-11D3-BF4B-00C04F79EFBC}") = "TK.CardIO", "TK.CardIO\TK.CardIO\TK.CardIO.csproj", "{14C534B6-1984-41A9-A384-D3A5508588E3}"
EndProject
Project("{FAE04EC0-301F-11D3-BF4B-00C04F79EFBC}") = "TK.CardIO.iOSUnified", "TK.CardIO\TK.CardIO.iOSUnified\TK.CardIO.iOSUnified.csproj", "{D525F236-6A2D-4010-B1CC-4A4B8581C90B}"
EndProject
Project("{FAE04EC0-301F-11D3-BF4B-00C04F79EFBC}") = "TK.CardIO.Android", "TK.CardIO\TK.CardIO.Android\TK.CardIO.Android.csproj", "{AD2D2DB4-E781-4CF1-9B62-3AAD264F196D}"
EndProject
Project("{2150E333-8FDC-42A3-9474-1A3956D46DE8}") = "Sample", "Sample", "{7247A3FF-8814-4D60-8682-7EA5DE03935C}"
EndProject
Project("{FAE04EC0-301F-11D3-BF4B-00C04F79EFBC}") = "TK.CardIO.Sample", "TK.CardIO.Sample\TK.CardIO.Sample\TK.CardIO.Sample.csproj", "{7BA05BF1-B673-406C-B91A-9057881A3EA0}"
EndProject
Project("{FAE04EC0-301F-11D3-BF4B-00C04F79EFBC}") = "TK.CardIO.Sample.iOS", "TK.CardIO.Sample\TK.CardIO.Sample.iOS\TK.CardIO.Sample.iOS.csproj", "{A10A6A19-4CFA-4D13-868E-1EB529C856A2}"
EndProject
Project("{FAE04EC0-301F-11D3-BF4B-00C04F79EFBC}") = "TK.CardIO.Sample.Droid", "TK.CardIO.Sample\TK.CardIO.Sample.Droid\TK.CardIO.Sample.Droid.csproj", "{5AB7705F-B3F5-4302-A78D-3C336E5A8378}"
EndProject
Project("{2150E333-8FDC-42A3-9474-1A3956D46DE8}") = "Bindings", "Bindings", "{76BC3356-A6F5-4D4A-9EE3-65840BBF6B31}"
	ProjectSection(SolutionItems) = preProject
		Bindings\Card.IO.Android.dll = Bindings\Card.IO.Android.dll
		Bindings\Card.IO.dll = Bindings\Card.IO.dll
	EndProjectSection
EndProject
Global
	GlobalSection(SolutionConfigurationPlatforms) = preSolution
		Ad-Hoc|Any CPU = Ad-Hoc|Any CPU
		Ad-Hoc|iPhone = Ad-Hoc|iPhone
		Ad-Hoc|iPhoneSimulator = Ad-Hoc|iPhoneSimulator
		Ad-Hoc|Mixed Platforms = Ad-Hoc|Mixed Platforms
		AppStore|Any CPU = AppStore|Any CPU
		AppStore|iPhone = AppStore|iPhone
		AppStore|iPhoneSimulator = AppStore|iPhoneSimulator
		AppStore|Mixed Platforms = AppStore|Mixed Platforms
		Debug|Any CPU = Debug|Any CPU
		Debug|iPhone = Debug|iPhone
		Debug|iPhoneSimulator = Debug|iPhoneSimulator
		Debug|Mixed Platforms = Debug|Mixed Platforms
		Release|Any CPU = Release|Any CPU
		Release|iPhone = Release|iPhone
		Release|iPhoneSimulator = Release|iPhoneSimulator
		Release|Mixed Platforms = Release|Mixed Platforms
	EndGlobalSection
	GlobalSection(ProjectConfigurationPlatforms) = postSolution
		{14C534B6-1984-41A9-A384-D3A5508588E3}.Ad-Hoc|Any CPU.ActiveCfg = Release|Any CPU
		{14C534B6-1984-41A9-A384-D3A5508588E3}.Ad-Hoc|Any CPU.Build.0 = Release|Any CPU
		{14C534B6-1984-41A9-A384-D3A5508588E3}.Ad-Hoc|iPhone.ActiveCfg = Release|Any CPU
		{14C534B6-1984-41A9-A384-D3A5508588E3}.Ad-Hoc|iPhoneSimulator.ActiveCfg = Release|Any CPU
		{14C534B6-1984-41A9-A384-D3A5508588E3}.Ad-Hoc|Mixed Platforms.ActiveCfg = Release|Any CPU
		{14C534B6-1984-41A9-A384-D3A5508588E3}.Ad-Hoc|Mixed Platforms.Build.0 = Release|Any CPU
		{14C534B6-1984-41A9-A384-D3A5508588E3}.AppStore|Any CPU.ActiveCfg = Release|Any CPU
		{14C534B6-1984-41A9-A384-D3A5508588E3}.AppStore|Any CPU.Build.0 = Release|Any CPU
		{14C534B6-1984-41A9-A384-D3A5508588E3}.AppStore|iPhone.ActiveCfg = Release|Any CPU
		{14C534B6-1984-41A9-A384-D3A5508588E3}.AppStore|iPhoneSimulator.ActiveCfg = Release|Any CPU
		{14C534B6-1984-41A9-A384-D3A5508588E3}.AppStore|Mixed Platforms.ActiveCfg = Release|Any CPU
		{14C534B6-1984-41A9-A384-D3A5508588E3}.AppStore|Mixed Platforms.Build.0 = Release|Any CPU
		{14C534B6-1984-41A9-A384-D3A5508588E3}.Debug|Any CPU.ActiveCfg = Debug|Any CPU
		{14C534B6-1984-41A9-A384-D3A5508588E3}.Debug|Any CPU.Build.0 = Debug|Any CPU
		{14C534B6-1984-41A9-A384-D3A5508588E3}.Debug|iPhone.ActiveCfg = Debug|Any CPU
		{14C534B6-1984-41A9-A384-D3A5508588E3}.Debug|iPhone.Build.0 = Debug|Any CPU
		{14C534B6-1984-41A9-A384-D3A5508588E3}.Debug|iPhoneSimulator.ActiveCfg = Debug|Any CPU
		{14C534B6-1984-41A9-A384-D3A5508588E3}.Debug|Mixed Platforms.ActiveCfg = Debug|Any CPU
		{14C534B6-1984-41A9-A384-D3A5508588E3}.Debug|Mixed Platforms.Build.0 = Debug|Any CPU
		{14C534B6-1984-41A9-A384-D3A5508588E3}.Release|Any CPU.ActiveCfg = Release|Any CPU
		{14C534B6-1984-41A9-A384-D3A5508588E3}.Release|Any CPU.Build.0 = Release|Any CPU
		{14C534B6-1984-41A9-A384-D3A5508588E3}.Release|iPhone.ActiveCfg = Release|Any CPU
		{14C534B6-1984-41A9-A384-D3A5508588E3}.Release|iPhoneSimulator.ActiveCfg = Release|Any CPU
		{14C534B6-1984-41A9-A384-D3A5508588E3}.Release|Mixed Platforms.ActiveCfg = Release|Any CPU
		{14C534B6-1984-41A9-A384-D3A5508588E3}.Release|Mixed Platforms.Build.0 = Release|Any CPU
		{D525F236-6A2D-4010-B1CC-4A4B8581C90B}.Ad-Hoc|Any CPU.ActiveCfg = Release|Any CPU
		{D525F236-6A2D-4010-B1CC-4A4B8581C90B}.Ad-Hoc|Any CPU.Build.0 = Release|Any CPU
		{D525F236-6A2D-4010-B1CC-4A4B8581C90B}.Ad-Hoc|iPhone.ActiveCfg = Release|Any CPU
		{D525F236-6A2D-4010-B1CC-4A4B8581C90B}.Ad-Hoc|iPhoneSimulator.ActiveCfg = Release|Any CPU
		{D525F236-6A2D-4010-B1CC-4A4B8581C90B}.Ad-Hoc|Mixed Platforms.ActiveCfg = Release|Any CPU
		{D525F236-6A2D-4010-B1CC-4A4B8581C90B}.Ad-Hoc|Mixed Platforms.Build.0 = Release|Any CPU
		{D525F236-6A2D-4010-B1CC-4A4B8581C90B}.AppStore|Any CPU.ActiveCfg = Release|Any CPU
		{D525F236-6A2D-4010-B1CC-4A4B8581C90B}.AppStore|Any CPU.Build.0 = Release|Any CPU
		{D525F236-6A2D-4010-B1CC-4A4B8581C90B}.AppStore|iPhone.ActiveCfg = Release|Any CPU
		{D525F236-6A2D-4010-B1CC-4A4B8581C90B}.AppStore|iPhoneSimulator.ActiveCfg = Release|Any CPU
		{D525F236-6A2D-4010-B1CC-4A4B8581C90B}.AppStore|Mixed Platforms.ActiveCfg = Release|Any CPU
		{D525F236-6A2D-4010-B1CC-4A4B8581C90B}.AppStore|Mixed Platforms.Build.0 = Release|Any CPU
		{D525F236-6A2D-4010-B1CC-4A4B8581C90B}.Debug|Any CPU.ActiveCfg = Debug|Any CPU
		{D525F236-6A2D-4010-B1CC-4A4B8581C90B}.Debug|Any CPU.Build.0 = Debug|Any CPU
		{D525F236-6A2D-4010-B1CC-4A4B8581C90B}.Debug|iPhone.ActiveCfg = Debug|Any CPU
		{D525F236-6A2D-4010-B1CC-4A4B8581C90B}.Debug|iPhone.Build.0 = Debug|Any CPU
		{D525F236-6A2D-4010-B1CC-4A4B8581C90B}.Debug|iPhoneSimulator.ActiveCfg = Debug|Any CPU
		{D525F236-6A2D-4010-B1CC-4A4B8581C90B}.Debug|Mixed Platforms.ActiveCfg = Debug|Any CPU
		{D525F236-6A2D-4010-B1CC-4A4B8581C90B}.Debug|Mixed Platforms.Build.0 = Debug|Any CPU
		{D525F236-6A2D-4010-B1CC-4A4B8581C90B}.Release|Any CPU.ActiveCfg = Release|Any CPU
		{D525F236-6A2D-4010-B1CC-4A4B8581C90B}.Release|Any CPU.Build.0 = Release|Any CPU
		{D525F236-6A2D-4010-B1CC-4A4B8581C90B}.Release|iPhone.ActiveCfg = Release|Any CPU
		{D525F236-6A2D-4010-B1CC-4A4B8581C90B}.Release|iPhoneSimulator.ActiveCfg = Release|Any CPU
		{D525F236-6A2D-4010-B1CC-4A4B8581C90B}.Release|Mixed Platforms.ActiveCfg = Release|Any CPU
		{D525F236-6A2D-4010-B1CC-4A4B8581C90B}.Release|Mixed Platforms.Build.0 = Release|Any CPU
		{AD2D2DB4-E781-4CF1-9B62-3AAD264F196D}.Ad-Hoc|Any CPU.ActiveCfg = Release|Any CPU
		{AD2D2DB4-E781-4CF1-9B62-3AAD264F196D}.Ad-Hoc|Any CPU.Build.0 = Release|Any CPU
		{AD2D2DB4-E781-4CF1-9B62-3AAD264F196D}.Ad-Hoc|iPhone.ActiveCfg = Release|Any CPU
		{AD2D2DB4-E781-4CF1-9B62-3AAD264F196D}.Ad-Hoc|iPhoneSimulator.ActiveCfg = Release|Any CPU
		{AD2D2DB4-E781-4CF1-9B62-3AAD264F196D}.Ad-Hoc|Mixed Platforms.ActiveCfg = Release|Any CPU
		{AD2D2DB4-E781-4CF1-9B62-3AAD264F196D}.Ad-Hoc|Mixed Platforms.Build.0 = Release|Any CPU
		{AD2D2DB4-E781-4CF1-9B62-3AAD264F196D}.AppStore|Any CPU.ActiveCfg = Release|Any CPU
		{AD2D2DB4-E781-4CF1-9B62-3AAD264F196D}.AppStore|Any CPU.Build.0 = Release|Any CPU
		{AD2D2DB4-E781-4CF1-9B62-3AAD264F196D}.AppStore|iPhone.ActiveCfg = Release|Any CPU
		{AD2D2DB4-E781-4CF1-9B62-3AAD264F196D}.AppStore|iPhoneSimulator.ActiveCfg = Release|Any CPU
		{AD2D2DB4-E781-4CF1-9B62-3AAD264F196D}.AppStore|Mixed Platforms.ActiveCfg = Release|Any CPU
		{AD2D2DB4-E781-4CF1-9B62-3AAD264F196D}.AppStore|Mixed Platforms.Build.0 = Release|Any CPU
		{AD2D2DB4-E781-4CF1-9B62-3AAD264F196D}.Debug|Any CPU.ActiveCfg = Debug|Any CPU
		{AD2D2DB4-E781-4CF1-9B62-3AAD264F196D}.Debug|Any CPU.Build.0 = Debug|Any CPU
		{AD2D2DB4-E781-4CF1-9B62-3AAD264F196D}.Debug|iPhone.ActiveCfg = Debug|Any CPU
		{AD2D2DB4-E781-4CF1-9B62-3AAD264F196D}.Debug|iPhone.Build.0 = Debug|Any CPU
		{AD2D2DB4-E781-4CF1-9B62-3AAD264F196D}.Debug|iPhoneSimulator.ActiveCfg = Debug|Any CPU
		{AD2D2DB4-E781-4CF1-9B62-3AAD264F196D}.Debug|Mixed Platforms.ActiveCfg = Debug|Any CPU
		{AD2D2DB4-E781-4CF1-9B62-3AAD264F196D}.Debug|Mixed Platforms.Build.0 = Debug|Any CPU
		{AD2D2DB4-E781-4CF1-9B62-3AAD264F196D}.Release|Any CPU.ActiveCfg = Release|Any CPU
		{AD2D2DB4-E781-4CF1-9B62-3AAD264F196D}.Release|Any CPU.Build.0 = Release|Any CPU
		{AD2D2DB4-E781-4CF1-9B62-3AAD264F196D}.Release|iPhone.ActiveCfg = Release|Any CPU
		{AD2D2DB4-E781-4CF1-9B62-3AAD264F196D}.Release|iPhoneSimulator.ActiveCfg = Release|Any CPU
		{AD2D2DB4-E781-4CF1-9B62-3AAD264F196D}.Release|Mixed Platforms.ActiveCfg = Release|Any CPU
		{AD2D2DB4-E781-4CF1-9B62-3AAD264F196D}.Release|Mixed Platforms.Build.0 = Release|Any CPU
		{7BA05BF1-B673-406C-B91A-9057881A3EA0}.Ad-Hoc|Any CPU.ActiveCfg = Release|Any CPU
		{7BA05BF1-B673-406C-B91A-9057881A3EA0}.Ad-Hoc|Any CPU.Build.0 = Release|Any CPU
		{7BA05BF1-B673-406C-B91A-9057881A3EA0}.Ad-Hoc|iPhone.ActiveCfg = Release|Any CPU
		{7BA05BF1-B673-406C-B91A-9057881A3EA0}.Ad-Hoc|iPhoneSimulator.ActiveCfg = Release|Any CPU
		{7BA05BF1-B673-406C-B91A-9057881A3EA0}.Ad-Hoc|Mixed Platforms.ActiveCfg = Release|Any CPU
		{7BA05BF1-B673-406C-B91A-9057881A3EA0}.Ad-Hoc|Mixed Platforms.Build.0 = Release|Any CPU
		{7BA05BF1-B673-406C-B91A-9057881A3EA0}.AppStore|Any CPU.ActiveCfg = Release|Any CPU
		{7BA05BF1-B673-406C-B91A-9057881A3EA0}.AppStore|Any CPU.Build.0 = Release|Any CPU
		{7BA05BF1-B673-406C-B91A-9057881A3EA0}.AppStore|iPhone.ActiveCfg = Release|Any CPU
		{7BA05BF1-B673-406C-B91A-9057881A3EA0}.AppStore|iPhoneSimulator.ActiveCfg = Release|Any CPU
		{7BA05BF1-B673-406C-B91A-9057881A3EA0}.AppStore|Mixed Platforms.ActiveCfg = Release|Any CPU
		{7BA05BF1-B673-406C-B91A-9057881A3EA0}.AppStore|Mixed Platforms.Build.0 = Release|Any CPU
		{7BA05BF1-B673-406C-B91A-9057881A3EA0}.Debug|Any CPU.ActiveCfg = Debug|Any CPU
		{7BA05BF1-B673-406C-B91A-9057881A3EA0}.Debug|Any CPU.Build.0 = Debug|Any CPU
		{7BA05BF1-B673-406C-B91A-9057881A3EA0}.Debug|iPhone.ActiveCfg = Debug|Any CPU
		{7BA05BF1-B673-406C-B91A-9057881A3EA0}.Debug|iPhone.Build.0 = Debug|Any CPU
		{7BA05BF1-B673-406C-B91A-9057881A3EA0}.Debug|iPhoneSimulator.ActiveCfg = Debug|Any CPU
		{7BA05BF1-B673-406C-B91A-9057881A3EA0}.Debug|Mixed Platforms.ActiveCfg = Debug|Any CPU
		{7BA05BF1-B673-406C-B91A-9057881A3EA0}.Debug|Mixed Platforms.Build.0 = Debug|Any CPU
		{7BA05BF1-B673-406C-B91A-9057881A3EA0}.Release|Any CPU.ActiveCfg = Release|Any CPU
		{7BA05BF1-B673-406C-B91A-9057881A3EA0}.Release|Any CPU.Build.0 = Release|Any CPU
		{7BA05BF1-B673-406C-B91A-9057881A3EA0}.Release|iPhone.ActiveCfg = Release|Any CPU
		{7BA05BF1-B673-406C-B91A-9057881A3EA0}.Release|iPhoneSimulator.ActiveCfg = Release|Any CPU
		{7BA05BF1-B673-406C-B91A-9057881A3EA0}.Release|Mixed Platforms.ActiveCfg = Release|Any CPU
		{7BA05BF1-B673-406C-B91A-9057881A3EA0}.Release|Mixed Platforms.Build.0 = Release|Any CPU
		{A10A6A19-4CFA-4D13-868E-1EB529C856A2}.Ad-Hoc|Any CPU.ActiveCfg = Ad-Hoc|iPhone
		{A10A6A19-4CFA-4D13-868E-1EB529C856A2}.Ad-Hoc|iPhone.ActiveCfg = Ad-Hoc|iPhone
		{A10A6A19-4CFA-4D13-868E-1EB529C856A2}.Ad-Hoc|iPhone.Build.0 = Ad-Hoc|iPhone
		{A10A6A19-4CFA-4D13-868E-1EB529C856A2}.Ad-Hoc|iPhoneSimulator.ActiveCfg = Ad-Hoc|iPhoneSimulator
		{A10A6A19-4CFA-4D13-868E-1EB529C856A2}.Ad-Hoc|iPhoneSimulator.Build.0 = Ad-Hoc|iPhoneSimulator
		{A10A6A19-4CFA-4D13-868E-1EB529C856A2}.Ad-Hoc|Mixed Platforms.ActiveCfg = Ad-Hoc|iPhone
		{A10A6A19-4CFA-4D13-868E-1EB529C856A2}.Ad-Hoc|Mixed Platforms.Build.0 = Ad-Hoc|iPhone
		{A10A6A19-4CFA-4D13-868E-1EB529C856A2}.AppStore|Any CPU.ActiveCfg = AppStore|iPhone
		{A10A6A19-4CFA-4D13-868E-1EB529C856A2}.AppStore|iPhone.ActiveCfg = AppStore|iPhone
		{A10A6A19-4CFA-4D13-868E-1EB529C856A2}.AppStore|iPhone.Build.0 = AppStore|iPhone
		{A10A6A19-4CFA-4D13-868E-1EB529C856A2}.AppStore|iPhoneSimulator.ActiveCfg = AppStore|iPhoneSimulator
		{A10A6A19-4CFA-4D13-868E-1EB529C856A2}.AppStore|iPhoneSimulator.Build.0 = AppStore|iPhoneSimulator
		{A10A6A19-4CFA-4D13-868E-1EB529C856A2}.AppStore|Mixed Platforms.ActiveCfg = AppStore|iPhone
		{A10A6A19-4CFA-4D13-868E-1EB529C856A2}.AppStore|Mixed Platforms.Build.0 = AppStore|iPhone
		{A10A6A19-4CFA-4D13-868E-1EB529C856A2}.Debug|Any CPU.ActiveCfg = Debug|iPhone
		{A10A6A19-4CFA-4D13-868E-1EB529C856A2}.Debug|iPhone.ActiveCfg = Debug|iPhone
		{A10A6A19-4CFA-4D13-868E-1EB529C856A2}.Debug|iPhone.Build.0 = Debug|iPhone
		{A10A6A19-4CFA-4D13-868E-1EB529C856A2}.Debug|iPhoneSimulator.ActiveCfg = Debug|iPhoneSimulator
		{A10A6A19-4CFA-4D13-868E-1EB529C856A2}.Debug|iPhoneSimulator.Build.0 = Debug|iPhoneSimulator
		{A10A6A19-4CFA-4D13-868E-1EB529C856A2}.Debug|Mixed Platforms.ActiveCfg = Debug|iPhone
		{A10A6A19-4CFA-4D13-868E-1EB529C856A2}.Debug|Mixed Platforms.Build.0 = Debug|iPhone
		{A10A6A19-4CFA-4D13-868E-1EB529C856A2}.Release|Any CPU.ActiveCfg = Release|iPhone
		{A10A6A19-4CFA-4D13-868E-1EB529C856A2}.Release|iPhone.ActiveCfg = Release|iPhone
		{A10A6A19-4CFA-4D13-868E-1EB529C856A2}.Release|iPhone.Build.0 = Release|iPhone
		{A10A6A19-4CFA-4D13-868E-1EB529C856A2}.Release|iPhoneSimulator.ActiveCfg = Release|iPhoneSimulator
		{A10A6A19-4CFA-4D13-868E-1EB529C856A2}.Release|iPhoneSimulator.Build.0 = Release|iPhoneSimulator
		{A10A6A19-4CFA-4D13-868E-1EB529C856A2}.Release|Mixed Platforms.ActiveCfg = Release|iPhone
		{A10A6A19-4CFA-4D13-868E-1EB529C856A2}.Release|Mixed Platforms.Build.0 = Release|iPhone
		{5AB7705F-B3F5-4302-A78D-3C336E5A8378}.Ad-Hoc|Any CPU.ActiveCfg = Release|Any CPU
		{5AB7705F-B3F5-4302-A78D-3C336E5A8378}.Ad-Hoc|Any CPU.Build.0 = Release|Any CPU
		{5AB7705F-B3F5-4302-A78D-3C336E5A8378}.Ad-Hoc|Any CPU.Deploy.0 = Release|Any CPU
		{5AB7705F-B3F5-4302-A78D-3C336E5A8378}.Ad-Hoc|iPhone.ActiveCfg = Release|Any CPU
		{5AB7705F-B3F5-4302-A78D-3C336E5A8378}.Ad-Hoc|iPhoneSimulator.ActiveCfg = Release|Any CPU
		{5AB7705F-B3F5-4302-A78D-3C336E5A8378}.Ad-Hoc|Mixed Platforms.ActiveCfg = Release|Any CPU
		{5AB7705F-B3F5-4302-A78D-3C336E5A8378}.Ad-Hoc|Mixed Platforms.Build.0 = Release|Any CPU
		{5AB7705F-B3F5-4302-A78D-3C336E5A8378}.Ad-Hoc|Mixed Platforms.Deploy.0 = Release|Any CPU
		{5AB7705F-B3F5-4302-A78D-3C336E5A8378}.AppStore|Any CPU.ActiveCfg = Release|Any CPU
		{5AB7705F-B3F5-4302-A78D-3C336E5A8378}.AppStore|Any CPU.Build.0 = Release|Any CPU
		{5AB7705F-B3F5-4302-A78D-3C336E5A8378}.AppStore|Any CPU.Deploy.0 = Release|Any CPU
		{5AB7705F-B3F5-4302-A78D-3C336E5A8378}.AppStore|iPhone.ActiveCfg = Release|Any CPU
		{5AB7705F-B3F5-4302-A78D-3C336E5A8378}.AppStore|iPhoneSimulator.ActiveCfg = Release|Any CPU
		{5AB7705F-B3F5-4302-A78D-3C336E5A8378}.AppStore|Mixed Platforms.ActiveCfg = Release|Any CPU
		{5AB7705F-B3F5-4302-A78D-3C336E5A8378}.AppStore|Mixed Platforms.Build.0 = Release|Any CPU
		{5AB7705F-B3F5-4302-A78D-3C336E5A8378}.AppStore|Mixed Platforms.Deploy.0 = Release|Any CPU
		{5AB7705F-B3F5-4302-A78D-3C336E5A8378}.Debug|Any CPU.ActiveCfg = Debug|Any CPU
		{5AB7705F-B3F5-4302-A78D-3C336E5A8378}.Debug|Any CPU.Build.0 = Debug|Any CPU
		{5AB7705F-B3F5-4302-A78D-3C336E5A8378}.Debug|Any CPU.Deploy.0 = Debug|Any CPU
		{5AB7705F-B3F5-4302-A78D-3C336E5A8378}.Debug|iPhone.ActiveCfg = Debug|Any CPU
		{5AB7705F-B3F5-4302-A78D-3C336E5A8378}.Debug|iPhone.Build.0 = Debug|Any CPU
		{5AB7705F-B3F5-4302-A78D-3C336E5A8378}.Debug|iPhoneSimulator.ActiveCfg = Debug|Any CPU
		{5AB7705F-B3F5-4302-A78D-3C336E5A8378}.Debug|Mixed Platforms.ActiveCfg = Debug|Any CPU
		{5AB7705F-B3F5-4302-A78D-3C336E5A8378}.Debug|Mixed Platforms.Build.0 = Debug|Any CPU
		{5AB7705F-B3F5-4302-A78D-3C336E5A8378}.Debug|Mixed Platforms.Deploy.0 = Debug|Any CPU
		{5AB7705F-B3F5-4302-A78D-3C336E5A8378}.Release|Any CPU.ActiveCfg = Release|Any CPU
		{5AB7705F-B3F5-4302-A78D-3C336E5A8378}.Release|Any CPU.Build.0 = Release|Any CPU
		{5AB7705F-B3F5-4302-A78D-3C336E5A8378}.Release|Any CPU.Deploy.0 = Release|Any CPU
		{5AB7705F-B3F5-4302-A78D-3C336E5A8378}.Release|iPhone.ActiveCfg = Release|Any CPU
		{5AB7705F-B3F5-4302-A78D-3C336E5A8378}.Release|iPhoneSimulator.ActiveCfg = Release|Any CPU
		{5AB7705F-B3F5-4302-A78D-3C336E5A8378}.Release|Mixed Platforms.ActiveCfg = Release|Any CPU
		{5AB7705F-B3F5-4302-A78D-3C336E5A8378}.Release|Mixed Platforms.Build.0 = Release|Any CPU
		{5AB7705F-B3F5-4302-A78D-3C336E5A8378}.Release|Mixed Platforms.Deploy.0 = Release|Any CPU
	EndGlobalSection
	GlobalSection(SolutionProperties) = preSolution
		HideSolutionNode = FALSE
	EndGlobalSection
	GlobalSection(NestedProjects) = preSolution
		{7BA05BF1-B673-406C-B91A-9057881A3EA0} = {7247A3FF-8814-4D60-8682-7EA5DE03935C}
		{A10A6A19-4CFA-4D13-868E-1EB529C856A2} = {7247A3FF-8814-4D60-8682-7EA5DE03935C}
		{5AB7705F-B3F5-4302-A78D-3C336E5A8378} = {7247A3FF-8814-4D60-8682-7EA5DE03935C}
	EndGlobalSection
EndGlobal
